
Microsoft Visual Studio Solution File, Format Version 12.00
# Visual Studio Version 16
VisualStudioVersion = 16.0.31005.135
MinimumVisualStudioVersion = 10.0.40219.1
Project("{9A19103F-16F7-4668-BE54-9A1E7A4F7556}") = "aMuseAPI", "aMuseAPI.csproj", "{4510279D-DD5A-41AB-AD6F-493B026AB17B}"
EndProject
Global
	GlobalSection(SolutionConfigurationPlatforms) = preSolution
		Debug|Any CPU = Debug|Any CPU
		Release|Any CPU = Release|Any CPU
	EndGlobalSection
	GlobalSection(ProjectConfigurationPlatforms) = postSolution
		{4510279D-DD5A-41AB-AD6F-493B026AB17B}.Debug|Any CPU.ActiveCfg = Debug|Any CPU
		{4510279D-DD5A-41AB-AD6F-493B026AB17B}.Debug|Any CPU.Build.0 = Debug|Any CPU
		{4510279D-DD5A-41AB-AD6F-493B026AB17B}.Release|Any CPU.ActiveCfg = Release|Any CPU
		{4510279D-DD5A-41AB-AD6F-493B026AB17B}.Release|Any CPU.Build.0 = Release|Any CPU
	EndGlobalSection
	GlobalSection(SolutionProperties) = preSolution
		HideSolutionNode = FALSE
	EndGlobalSection
	GlobalSection(ExtensibilityGlobals) = postSolution
		SolutionGuid = {015D407F-A7A2-4FD6-9877-F665ED1217BF}
	EndGlobalSection
EndGlobal
